version = 1
revision = 3
requires-python = ">=3.11"

[[package]]
name = "amitools"
version = "0.8.0"
source = { registry = "https://pypi.org/simple" }
sdist = { url = "https://files.pythonhosted.org/packages/14/a0/2068efdc40c2c6e51dc47a44f845156cbf3b2f06c5473a0a6869ee601658/amitools-0.8.0.tar.gz", hash = "sha256:3ddf1e145ae28990fa59d4e27728d877446cfc45b02c4807ddad31dcdb6bc4b7", size = 3282022, upload-time = "2024-03-05T11:33:11.072Z" }

[[package]]
name = "colorama"
version = "0.4.6"
source = { registry = "https://pypi.org/simple" }
sdist = { url = "https://files.pythonhosted.org/packages/d8/53/6f443c9a4a8358a93a6792e2acffb9d9d5cb0a5cfd8802644b7b1c9a02e4/colorama-0.4.6.tar.gz", hash = "sha256:08695f5cb7ed6e0531a20572697297273c47b8cae5a63ffc6d6ed5c201be6e44", size = 27697, upload-time = "2022-10-25T02:36:22.414Z" }
wheels = [
    { url = "https://files.pythonhosted.org/packages/d1/d6/3965ed04c63042e047cb6a3e6ed1a63a35087b6a609aa3a15ed8ac56c221/colorama-0.4.6-py2.py3-none-any.whl", hash = "sha256:4f1d9991f5acc0ca119f9d443620b77f9d6b33703e51011c16baf57afb285fc6", size = 25335, upload-time = "2022-10-25T02:36:20.889Z" },
]

[[package]]
name = "iniconfig"
version = "2.3.0"
source = { registry = "https://pypi.org/simple" }
sdist = { url = "https://files.pythonhosted.org/packages/72/34/14ca021ce8e5dfedc35312d08ba8bf51fdd999c576889fc2c24cb97f4f10/iniconfig-2.3.0.tar.gz", hash = "sha256:c76315c77db068650d49c5b56314774a7804df16fee4402c1f19d6d15d8c4730", size = 20503, upload-time = "2025-10-18T21:55:43.219Z" }
wheels = [
    { url = "https://files.pythonhosted.org/packages/cb/b1/3846dd7f199d53cb17f49cba7e651e9ce294d8497c8c150530ed11865bb8/iniconfig-2.3.0-py3-none-any.whl", hash = "sha256:f631c04d2c48c52b84d0d0549c99ff3859c98df65b3101406327ecc7d53fbf12", size = 7484, upload-time = "2025-10-18T21:55:41.639Z" },
]

[[package]]
name = "lhafile"
version = "0.3.1"
source = { registry = "https://pypi.org/simple" }
sdist = { url = "https://files.pythonhosted.org/packages/89/ab/edc17ea008032b12e3fe6e2e9eeea0fde74f86cf5bf3df016eceb47ee06e/lhafile-0.3.1.tar.gz", hash = "sha256:a66a091e61af569384844ed74bf76179c575e5d28bc88bf9bf5476a3397d077d", size = 14541, upload-time = "2025-02-24T21:59:14.672Z" }
wheels = [
    { url = "https://files.pythonhosted.org/packages/d5/86/3e8e78248e235549c39a05dad7e7a1be571652b18c395188f5e940508ee1/lhafile-0.3.1-cp311-cp311-macosx_10_9_x86_64.whl", hash = "sha256:da48dc6c302f23dd5aad0ca391a6b8c167321e14b4cdba8bd0ec40be0a6744a3", size = 14640, upload-time = "2025-02-24T23:26:25.5Z" },
    { url = "https://files.pythonhosted.org/packages/ce/fb/dd2708f7f340850c61c4b812964653b3100b8866833b3b1cfce5114554bb/lhafile-0.3.1-cp311-cp311-macosx_11_0_arm64.whl", hash = "sha256:3f005921079a799ca941e1fa67f4cb18607cb9a55f594ffc4f78a503ce5c288d", size = 14755, upload-time = "2025-02-24T23:25:11.785Z" },
    { url = "https://files.pythonhosted.org/packages/9c/bc/4cbea5a6bf3ff1508dfeb00352f1b84f49f511797d46d4cdff3855ef21cb/lhafile-0.3.1-cp311-cp311-manylinux_2_5_i686.manylinux1_i686.manylinux_2_17_i686.manylinux2014_i686.whl", hash = "sha256:7f92d9893afd2d23815acf442382b159d08153dd5a5650b8836bd845175f5e60", size = 52401, upload-time = "2025-02-24T23:27:15.809Z" },
    { url = "https://files.pythonhosted.org/packages/93/12/12f38d0c3fe62ec8d5976f989c98c53f3a15fe9b77206ab218dd187385af/lhafile-0.3.1-cp311-cp311-manylinux_2_5_x86_64.manylinux1_x86_64.manylinux_2_17_x86_64.manylinux2014_x86_64.whl", hash = "sha256:13501e2c38b744dc1594c33f313d367f0f2f959871f94d668839fdf88c32f9d8", size = 54346, upload-time = "2025-02-24T23:27:16.761Z" },
    { url = "https://files.pythonhosted.org/packages/8f/71/3de94755c41233ff52e4b741c5a50c87a9d8ae78008e8c10f940fd3fbff5/lhafile-0.3.1-cp311-cp311-musllinux_1_2_i686.whl", hash = "sha256:6fe52dc103e947baa65a0fe5236c89b0f954b2e6571b33e772de0912655a4769", size = 55231, upload-time = "2025-02-24T23:27:17.901Z" },
    { url = "https://files.pythonhosted.org/packages/9e/4c/c40f131f1b2d17a5d7aee733ea78304e07fbf78eb351044b758305fbc889/lhafile-0.3.1-cp311-cp311-musllinux_1_2_x86_64.whl", hash = "sha256:a4572500ee7f5c589eb07c59aada2aaa0bedf4215797121244b12c5175b386a2", size = 57036, upload-time = "2025-02-24T23:27:19.678Z" },
    { url = "https://files.pythonhosted.org/packages/37/c9/ec393372819297fdfe8514f924228d8ca57ff6a59bdf68e12f47f062615f/lhafile-0.3.1-cp311-cp311-win32.whl", hash = "sha256:86352e5654cc364397f30096d4a6aa8ebed3ff9ccc4964acdee768e0cbd95287", size = 16507, upload-time = "2025-02-24T23:34:57.195Z" },
    { url = "https://files.pythonhosted.org/packages/a6/ec/c89e00e6737674d80f533f4410119c873b307e43931b117f53f40d104a6f/lhafile-0.3.1-cp311-cp311-win_amd64.whl", hash = "sha256:183f55930772e3438e6b9060df57354e217aba79d8412ba4bcc103c90ee8e039", size = 18787, upload-time = "2025-02-24T23:34:58.801Z" },
    { url = "https://files.pythonhosted.org/packages/6f/95/48c84bd383059bad8f21026e956c75a8a8695f620d653bbc0a804ddfec96/lhafile-0.3.1-cp312-cp312-macosx_10_13_x86_64.whl", hash = "sha256:76a66cb7df0d88143ae8b7d1c2367c7bdd77026dda6a94419e6e90eadfcc490a", size = 14716, upload-time = "2025-02-24T23:26:26.269Z" },
    { url = "https://files.pythonhosted.org/packages/b1/7b/102fa2ee6dcde4812e0510eae11067c07a242c3d141697df35dc479c16d6/lhafile-0.3.1-cp312-cp312-macosx_11_0_arm64.whl", hash = "sha256:3b6be4a540ecbf8c39a9f5ca7b3252f32b3a67f9fae18b368ad2e9fe45c25997", size = 14820, upload-time = "2025-02-24T23:25:13.397Z" },
    { url = "https://files.pythonhosted.org/packages/89/61/70163db1ce43aaa61cbc1f47589e7c2bea006a9947b1bd4f9f2c03780770/lhafile-0.3.1-cp312-cp312-manylinux_2_5_i686.manylinux1_i686.manylinux_2_17_i686.manylinux2014_i686.whl", hash = "sha256:e2ace5202372eec75fc97751c87f7c7e8129aba585d6085f026d5be29e9f09f8", size = 53972, upload-time = "2025-02-24T23:27:21.286Z" },
    { url = "https://files.pythonhosted.org/packages/e3/61/ab787773d22d07a3d81551fcf8b7f74189397a8af2076c6f87f10dd0217d/lhafile-0.3.1-cp312-cp312-manylinux_2_5_x86_64.manylinux1_x86_64.manylinux_2_17_x86_64.manylinux2014_x86_64.whl", hash = "sha256:33418b3927bc10ebfb63436663429abac014e9c26c841a8d3b353192f6f5b91d", size = 55956, upload-time = "2025-02-24T23:27:22.344Z" },
    { url = "https://files.pythonhosted.org/packages/ca/48/9a8b8974e32411a943cdbcdfc65185fc5c0cabb9e7cff077f4ae20f013a5/lhafile-0.3.1-cp312-cp312-musllinux_1_2_i686.whl", hash = "sha256:ddd9e63d7ed5d901169a37e945cf2647b9ecc3f613c5dd58af30e1d7943a4c58", size = 56799, upload-time = "2025-02-24T23:27:23.522Z" },
    { url = "https://files.pythonhosted.org/packages/21/e5/5f2b3fdb3c5efa89aa8c7b644c2ebaec9c78807b2140bde728d04f480775/lhafile-0.3.1-cp312-cp312-musllinux_1_2_x86_64.whl", hash = "sha256:ea590a7b46e071e49b264d7f72b5cf74244fdb6394d222ea93ba0c72da503f40", size = 58759, upload-time = "2025-02-24T23:27:24.589Z" },
    { url = "https://files.pythonhosted.org/packages/ef/04/72affab9b0c3ff1e59a7f522c87ea0e28d74ab075eb14cfbea9389590cd7/lhafile-0.3.1-cp312-cp312-win32.whl", hash = "sha256:f431db43117ec7e0627878a3672d10e3df268329b1ea818d6a599713bb056c85", size = 16618, upload-time = "2025-02-24T23:35:00.615Z" },
    { url = "https://files.pythonhosted.org/packages/3a/8b/3007cba371c2f9c6a996533c3b47e6c3d3c11fa196d85a9c91c967ab1b63/lhafile-0.3.1-cp312-cp312-win_amd64.whl", hash = "sha256:30b2a581447fe03b4c4b9befb4ce26cc5861c0fcbca6f356a2615cf257d50ca8", size = 18906, upload-time = "2025-02-24T23:35:02.249Z" },
    { url = "https://files.pythonhosted.org/packages/f1/7d/210c424e8d2fa721a2c7a26bd0003ee62b324f1f4ffdf28b1708efd9f6e5/lhafile-0.3.1-cp313-cp313-macosx_10_13_x86_64.whl", hash = "sha256:06111b684ff4a980c689f97fe36fd839bbda0705a2460f7cfb3dde5d6d27fad4", size = 14719, upload-time = "2025-02-24T23:26:27.826Z" },
    { url = "https://files.pythonhosted.org/packages/19/95/a649a35bb15729dc34abcfacaaafad20a3526bed2bd13564f42acb41ad75/lhafile-0.3.1-cp313-cp313-macosx_11_0_arm64.whl", hash = "sha256:8eb23f81841cef17abcf8f507ef6969f43023c4f6d4bf763a4daa4ca29c829b1", size = 14824, upload-time = "2025-02-24T23:25:14.213Z" },
    { url = "https://files.pythonhosted.org/packages/47/59/228c15ffd6aa90ded6c82fc14a6845405dd3a2fc499ac3868ac9954dc5f0/lhafile-0.3.1-cp313-cp313-manylinux_2_5_i686.manylinux1_i686.manylinux_2_17_i686.manylinux2014_i686.whl", hash = "sha256:b6424fbe13c48fdd95b85c654b5bb8cc7fe606a0137d8e8cfac656acb4197031", size = 53927, upload-time = "2025-02-24T23:27:25.558Z" },
    { url = "https://files.pythonhosted.org/packages/5c/01/c0e2f06c3eb7feffadb80f487cb407da3920b67a033e3769a7df183a14db/lhafile-0.3.1-cp313-cp313-manylinux_2_5_x86_64.manylinux1_x86_64.manylinux_2_17_x86_64.manylinux2014_x86_64.whl", hash = "sha256:46dfd35f23ab42ae6a16f8deac46f9f3a9fbe79b4cf945d6f451a643500c0fff", size = 55953, upload-time = "2025-02-24T23:27:26.664Z" },
    { url = "https://files.pythonhosted.org/packages/d1/e7/2b1209babdc88f8ab998253fa485a322afdca52de5a61a055bb1e55a1c1c/lhafile-0.3.1-cp313-cp313-musllinux_1_2_i686.whl", hash = "sha256:0d61eb992d8f4dbcfc2345456e85fa0317c3def10b33966e1e64368fcf29dfeb", size = 56847, upload-time = "2025-02-24T23:27:28.171Z" },
    { url = "https://files.pythonhosted.org/packages/77/6c/55cdfa56ce910a5f274991f73761ce8b7a42976d2571d08eb5e389184ce2/lhafile-0.3.1-cp313-cp313-musllinux_1_2_x86_64.whl", hash = "sha256:d0bad1bd7f394f6799833fcb557d88f2b5ee364704a05ab47d5ded489fe99eb1", size = 58797, upload-time = "2025-02-24T23:27:29.98Z" },
    { url = "https://files.pythonhosted.org/packages/38/cc/4cc138db0d499fb22b4b3ee71220288b09451310679b6dd48fae37c3ebfb/lhafile-0.3.1-cp313-cp313-win32.whl", hash = "sha256:0ca3bc909d335443af714bb35e76a69beab4039915692be0d1612da4768b4176", size = 16619, upload-time = "2025-02-24T23:35:03.179Z" },
    { url = "https://files.pythonhosted.org/packages/9f/4b/1a1f14f85c7e4270513aa5a0041cf65e45102710392ee2b38714bad58566/lhafile-0.3.1-cp313-cp313-win_amd64.whl", hash = "sha256:e2de020b1d1537d5f347dd29efa96fa78f4104b8a2a49bfc58e523788aef67e0", size = 18915, upload-time = "2025-02-24T23:35:04.072Z" },
]

[[package]]
name = "packaging"
version = "25.0"
source = { registry = "https://pypi.org/simple" }
sdist = { url = "https://files.pythonhosted.org/packages/a1/d4/1fc4078c65507b51b96ca8f8c3ba19e6a61c8253c72794544580a7b6c24d/packaging-25.0.tar.gz", hash = "sha256:d443872c98d677bf60f6a1f2f8c1cb748e8fe762d2bf9d3148b5599295b0fc4f", size = 165727, upload-time = "2025-04-19T11:48:59.673Z" }
wheels = [
    { url = "https://files.pythonhosted.org/packages/20/12/38679034af332785aac8774540895e234f4d07f7545804097de4b666afd8/packaging-25.0-py3-none-any.whl", hash = "sha256:29572ef2b1f17581046b3a2227d5c611fb25ec70ca1ba8554b24b0e69331a484", size = 66469, upload-time = "2025-04-19T11:48:57.875Z" },
]

[[package]]
name = "pluggy"
version = "1.6.0"
source = { registry = "https://pypi.org/simple" }
sdist = { url = "https://files.pythonhosted.org/packages/f9/e2/3e91f31a7d2b083fe6ef3fa267035b518369d9511ffab804f839851d2779/pluggy-1.6.0.tar.gz", hash = "sha256:7dcc130b76258d33b90f61b658791dede3486c3e6bfb003ee5c9bfb396dd22f3", size = 69412, upload-time = "2025-05-15T12:30:07.975Z" }
wheels = [
    { url = "https://files.pythonhosted.org/packages/54/20/4d324d65cc6d9205fabedc306948156824eb9f0ee1633355a8f7ec5c66bf/pluggy-1.6.0-py3-none-any.whl", hash = "sha256:e920276dd6813095e9377c0bc5566d94c932c33b27a3e3945d8389c374dd4746", size = 20538, upload-time = "2025-05-15T12:30:06.134Z" },
]

[[package]]
name = "pygments"
version = "2.19.2"
source = { registry = "https://pypi.org/simple" }
sdist = { url = "https://files.pythonhosted.org/packages/b0/77/a5b8c569bf593b0140bde72ea885a803b82086995367bf2037de0159d924/pygments-2.19.2.tar.gz", hash = "sha256:636cb2477cec7f8952536970bc533bc43743542f70392ae026374600add5b887", size = 4968631, upload-time = "2025-06-21T13:39:12.283Z" }
wheels = [
    { url = "https://files.pythonhosted.org/packages/c7/21/705964c7812476f378728bdf590ca4b771ec72385c533964653c68e86bdc/pygments-2.19.2-py3-none-any.whl", hash = "sha256:86540386c03d588bb81d44bc3928634ff26449851e99741617ecb9037ee5ec0b", size = 1225217, upload-time = "2025-06-21T13:39:07.939Z" },
]

[[package]]
name = "pytest"
version = "9.0.2"
source = { registry = "https://pypi.org/simple" }
dependencies = [
    { name = "colorama", marker = "sys_platform == 'win32'" },
    { name = "iniconfig" },
    { name = "packaging" },
    { name = "pluggy" },
    { name = "pygments" },
]
sdist = { url = "https://files.pythonhosted.org/packages/d1/db/7ef3487e0fb0049ddb5ce41d3a49c235bf9ad299b6a25d5780a89f19230f/pytest-9.0.2.tar.gz", hash = "sha256:75186651a92bd89611d1d9fc20f0b4345fd827c41ccd5c299a868a05d70edf11", size = 1568901, upload-time = "2025-12-06T21:30:51.014Z" }
wheels = [
    { url = "https://files.pythonhosted.org/packages/3b/ab/b3226f0bd7cdcf710fbede2b3548584366da3b19b5021e74f5bde2a8fa3f/pytest-9.0.2-py3-none-any.whl", hash = "sha256:711ffd45bf766d5264d487b917733b453d917afd2b0ad65223959f59089f875b", size = 374801, upload-time = "2025-12-06T21:30:49.154Z" },
]

[[package]]
name = "xdfgui"
version = "0.1.0"
source = { editable = "." }
dependencies = [
    { name = "amitools" },
    { name = "lhafile" },
]

[package.optional-dependencies]
test = [
    { name = "pytest" },
]

[package.metadata]
requires-dist = [
    { name = "amitools" },
    { name = "lhafile" },
    { name = "pytest", marker = "extra == 'test'" },
]
provides-extras = ["test"]
