version = 1
revision = 3
requires-python = ">=3.11"

[[package]]
name = "altgraph"
version = "0.17.5"
source = { registry = "https://pypi.org/simple" }
sdist = { url = "https://files.pythonhosted.org/packages/7e/f8/97fdf103f38fed6792a1601dbc16cc8aac56e7459a9fff08c812d8ae177a/altgraph-0.17.5.tar.gz", hash = "sha256:c87b395dd12fabde9c99573a9749d67da8d29ef9de0125c7f536699b4a9bc9e7", size = 48428, upload-time = "2025-11-21T20:35:50.583Z" }
wheels = [
    { url = "https://files.pythonhosted.org/packages/a9/ba/000a1996d4308bc65120167c21241a3b205464a2e0b58deda26ae8ac21d1/altgraph-0.17.5-py2.py3-none-any.whl", hash = "sha256:f3a22400bce1b0c701683820ac4f3b159cd301acab067c51c653e06961600597", size = 21228, upload-time = "2025-11-21T20:35:49.444Z" },
]

[[package]]
name = "amitools"
version = "0.8.0"
source = { registry = "https://pypi.org/simple" }
sdist = { url = "https://files.pythonhosted.org/packages/14/a0/2068efdc40c2c6e51dc47a44f845156cbf3b2f06c5473a0a6869ee601658/amitools-0.8.0.tar.gz", hash = "sha256:3ddf1e145ae28990fa59d4e27728d877446cfc45b02c4807ddad31dcdb6bc4b7", size = 3282022, upload-time = "2024-03-05T11:33:11.072Z" }

[[package]]
name = "colorama"
version = "0.4.6"
source = { registry = "https://pypi.org/simple" }
sdist = { url = "https://files.pythonhosted.org/packages/d8/53/6f443c9a4a8358a93a6792e2acffb9d9d5cb0a5cfd8802644b7b1c9a02e4/colorama-0.4.6.tar.gz", hash = "sha256:08695f5cb7ed6e0531a20572697297273c47b8cae5a63ffc6d6ed5c201be6e44", size = 27697, upload-time = "2022-10-25T02:36:22.414Z" }
wheels = [
    { url = "https://files.pythonhosted.org/packages/d1/d6/3965ed04c63042e047cb6a3e6ed1a63a35087b6a609aa3a15ed8ac56c221/colorama-0.4.6-py2.py3-none-any.whl", hash = "sha256:4f1d9991f5acc0ca119f9d443620b77f9d6b33703e51011c16baf57afb285fc6", size = 25335, upload-time = "2022-10-25T02:36:20.889Z" },
]

[[package]]
name = "iniconfig"
version = "2.3.0"
source = { registry = "https://pypi.org/simple" }
sdist = { url = "https://files.pythonhosted.org/packages/72/34/14ca021ce8e5dfedc35312d08ba8bf51fdd999c576889fc2c24cb97f4f10/iniconfig-2.3.0.tar.gz", hash = "sha256:c76315c77db068650d49c5b56314774a7804df16fee4402c1f19d6d15d8c4730", size = 20503, upload-time = "2025-10-18T21:55:43.219Z" }
wheels = [
    { url = "https://files.pythonhosted.org/packages/cb/b1/3846dd7f199d53cb17f49cba7e651e9ce294d8497c8c150530ed11865bb8/iniconfig-2.3.0-py3-none-any.whl", hash = "sha256:f631c04d2c48c52b84d0d0549c99ff3859c98df65b3101406327ecc7d53fbf12", size = 7484, upload-time = "2025-10-18T21:55:41.639Z" },
]

[[package]]
name = "lhafile"
version = "0.3.1"
source = { registry = "https://pypi.org/simple" }
sdist = { url = "https://files.pythonhosted.org/packages/89/ab/edc17ea008032b12e3fe6e2e9eeea0fde74f86cf5bf3df016eceb47ee06e/lhafile-0.3.1.tar.gz", hash = "sha256:a66a091e61af569384844ed74bf76179c575e5d28bc88bf9bf5476a3397d077d", size = 14541, upload-time = "2025-02-24T21:59:14.672Z" }
wheels = [
    { url = "https://files.pythonhosted.org/packages/d5/86/3e8e78248e235549c39a05dad7e7a1be571652b18c395188f5e940508ee1/lhafile-0.3.1-cp311-cp311-macosx_10_9_x86_64.whl", hash = "sha256:da48dc6c302f23dd5aad0ca391a6b8c167321e14b4cdba8bd0ec40be0a6744a3", size = 14640, upload-time = "2025-02-24T23:26:25.5Z" },
    { url = "https://files.pythonhosted.org/packages/ce/fb/dd2708f7f340850c61c4b812964653b3100b8866833b3b1cfce5114554bb/lhafile-0.3.1-cp311-cp311-macosx_11_0_arm64.whl", hash = "sha256:3f005921079a799ca941e1fa67f4cb18607cb9a55f594ffc4f78a503ce5c288d", size = 14755, upload-time = "2025-02-24T23:25:11.785Z" },
    { url = "https://files.pythonhosted.org/packages/9c/bc/4cbea5a6bf3ff1508dfeb00352f1b84f49f511797d46d4cdff3855ef21cb/lhafile-0.3.1-cp311-cp311-manylinux_2_5_i686.manylinux1_i686.manylinux_2_17_i686.manylinux2014_i686.whl", hash = "sha256:7f92d9893afd2d23815acf442382b159d08153dd5a5650b8836bd845175f5e60", size = 52401, upload-time = "2025-02-24T23:27:15.809Z" },
    { url = "https://files.pythonhosted.org/packages/93/12/12f38d0c3fe62ec8d5976f989c98c53f3a15fe9b77206ab218dd187385af/lhafile-0.3.1-cp311-cp311-manylinux_2_5_x86_64.manylinux1_x86_64.manylinux_2_17_x86_64.manylinux2014_x86_64.whl", hash = "sha256:13501e2c38b744dc1594c33f313d367f0f2f959871f94d668839fdf88c32f9d8", size = 54346, upload-time = "2025-02-24T23:27:16.761Z" },
    { url = "https://files.pythonhosted.org/packages/8f/71/3de94755c41233ff52e4b741c5a50c87a9d8ae78008e8c10f940fd3fbff5/lhafile-0.3.1-cp311-cp311-musllinux_1_2_i686.whl", hash = "sha256:6fe52dc103e947baa65a0fe5236c89b0f954b2e6571b33e772de0912655a4769", size = 55231, upload-time = "2025-02-24T23:27:17.901Z" },
    { url = "https://files.pythonhosted.org/packages/9e/4c/c40f131f1b2d17a5d7aee733ea78304e07fbf78eb351044b758305fbc889/lhafile-0.3.1-cp311-cp311-musllinux_1_2_x86_64.whl", hash = "sha256:a4572500ee7f5c589eb07c59aada2aaa0bedf4215797121244b12c5175b386a2", size = 57036, upload-time = "2025-02-24T23:27:19.678Z" },
    { url = "https://files.pythonhosted.org/packages/37/c9/ec393372819297fdfe8514f924228d8ca57ff6a59bdf68e12f47f062615f/lhafile-0.3.1-cp311-cp311-win32.whl", hash = "sha256:86352e5654cc364397f30096d4a6aa8ebed3ff9ccc4964acdee768e0cbd95287", size = 16507, upload-time = "2025-02-24T23:34:57.195Z" },
    { url = "https://files.pythonhosted.org/packages/a6/ec/c89e00e6737674d80f533f4410119c873b307e43931b117f53f40d104a6f/lhafile-0.3.1-cp311-cp311-win_amd64.whl", hash = "sha256:183f55930772e3438e6b9060df57354e217aba79d8412ba4bcc103c90ee8e039", size = 18787, upload-time = "2025-02-24T23:34:58.801Z" },
    { url = "https://files.pythonhosted.org/packages/6f/95/48c84bd383059bad8f21026e956c75a8a8695f620d653bbc0a804ddfec96/lhafile-0.3.1-cp312-cp312-macosx_10_13_x86_64.whl", hash = "sha256:76a66cb7df0d88143ae8b7d1c2367c7bdd77026dda6a94419e6e90eadfcc490a", size = 14716, upload-time = "2025-02-24T23:26:26.269Z" },
    { url = "https://files.pythonhosted.org/packages/b1/7b/102fa2ee6dcde4812e0510eae11067c07a242c3d141697df35dc479c16d6/lhafile-0.3.1-cp312-cp312-macosx_11_0_arm64.whl", hash = "sha256:3b6be4a540ecbf8c39a9f5ca7b3252f32b3a67f9fae18b368ad2e9fe45c25997", size = 14820, upload-time = "2025-02-24T23:25:13.397Z" },
    { url = "https://files.pythonhosted.org/packages/89/61/70163db1ce43aaa61cbc1f47589e7c2bea006a9947b1bd4f9f2c03780770/lhafile-0.3.1-cp312-cp312-manylinux_2_5_i686.manylinux1_i686.manylinux_2_17_i686.manylinux2014_i686.whl", hash = "sha256:e2ace5202372eec75fc97751c87f7c7e8129aba585d6085f026d5be29e9f09f8", size = 53972, upload-time = "2025-02-24T23:27:21.286Z" },
    { url = "https://files.pythonhosted.org/packages/e3/61/ab787773d22d07a3d81551fcf8b7f74189397a8af2076c6f87f10dd0217d/lhafile-0.3.1-cp312-cp312-manylinux_2_5_x86_64.manylinux1_x86_64.manylinux_2_17_x86_64.manylinux2014_x86_64.whl", hash = "sha256:33418b3927bc10ebfb63436663429abac014e9c26c841a8d3b353192f6f5b91d", size = 55956, upload-time = "2025-02-24T23:27:22.344Z" },
    { url = "https://files.pythonhosted.org/packages/ca/48/9a8b8974e32411a943cdbcdfc65185fc5c0cabb9e7cff077f4ae20f013a5/lhafile-0.3.1-cp312-cp312-musllinux_1_2_i686.whl", hash = "sha256:ddd9e63d7ed5d901169a37e945cf2647b9ecc3f613c5dd58af30e1d7943a4c58", size = 56799, upload-time = "2025-02-24T23:27:23.522Z" },
    { url = "https://files.pythonhosted.org/packages/21/e5/5f2b3fdb3c5efa89aa8c7b644c2ebaec9c78807b2140bde728d04f480775/lhafile-0.3.1-cp312-cp312-musllinux_1_2_x86_64.whl", hash = "sha256:ea590a7b46e071e49b264d7f72b5cf74244fdb6394d222ea93ba0c72da503f40", size = 58759, upload-time = "2025-02-24T23:27:24.589Z" },
    { url = "https://files.pythonhosted.org/packages/ef/04/72affab9b0c3ff1e59a7f522c87ea0e28d74ab075eb14cfbea9389590cd7/lhafile-0.3.1-cp312-cp312-win32.whl", hash = "sha256:f431db43117ec7e0627878a3672d10e3df268329b1ea818d6a599713bb056c85", size = 16618, upload-time = "2025-02-24T23:35:00.615Z" },
    { url = "https://files.pythonhosted.org/packages/3a/8b/3007cba371c2f9c6a996533c3b47e6c3d3c11fa196d85a9c91c967ab1b63/lhafile-0.3.1-cp312-cp312-win_amd64.whl", hash = "sha256:30b2a581447fe03b4c4b9befb4ce26cc5861c0fcbca6f356a2615cf257d50ca8", size = 18906, upload-time = "2025-02-24T23:35:02.249Z" },
    { url = "https://files.pythonhosted.org/packages/f1/7d/210c424e8d2fa721a2c7a26bd0003ee62b324f1f4ffdf28b1708efd9f6e5/lhafile-0.3.1-cp313-cp313-macosx_10_13_x86_64.whl", hash = "sha256:06111b684ff4a980c689f97fe36fd839bbda0705a2460f7cfb3dde5d6d27fad4", size = 14719, upload-time = "2025-02-24T23:26:27.826Z" },
    { url = "https://files.pythonhosted.org/packages/19/95/a649a35bb15729dc34abcfacaaafad20a3526bed2bd13564f42acb41ad75/lhafile-0.3.1-cp313-cp313-macosx_11_0_arm64.whl", hash = "sha256:8eb23f81841cef17abcf8f507ef6969f43023c4f6d4bf763a4daa4ca29c829b1", size = 14824, upload-time = "2025-02-24T23:25:14.213Z" },
    { url = "https://files.pythonhosted.org/packages/47/59/228c15ffd6aa90ded6c82fc14a6845405dd3a2fc499ac3868ac9954dc5f0/lhafile-0.3.1-cp313-cp313-manylinux_2_5_i686.manylinux1_i686.manylinux_2_17_i686.manylinux2014_i686.whl", hash = "sha256:b6424fbe13c48fdd95b85c654b5bb8cc7fe606a0137d8e8cfac656acb4197031", size = 53927, upload-time = "2025-02-24T23:27:25.558Z" },
    { url = "https://files.pythonhosted.org/packages/5c/01/c0e2f06c3eb7feffadb80f487cb407da3920b67a033e3769a7df183a14db/lhafile-0.3.1-cp313-cp313-manylinux_2_5_x86_64.manylinux1_x86_64.manylinux_2_17_x86_64.manylinux2014_x86_64.whl", hash = "sha256:46dfd35f23ab42ae6a16f8deac46f9f3a9fbe79b4cf945d6f451a643500c0fff", size = 55953, upload-time = "2025-02-24T23:27:26.664Z" },
    { url = "https://files.pythonhosted.org/packages/d1/e7/2b1209babdc88f8ab998253fa485a322afdca52de5a61a055bb1e55a1c1c/lhafile-0.3.1-cp313-cp313-musllinux_1_2_i686.whl", hash = "sha256:0d61eb992d8f4dbcfc2345456e85fa0317c3def10b33966e1e64368fcf29dfeb", size = 56847, upload-time = "2025-02-24T23:27:28.171Z" },
    { url = "https://files.pythonhosted.org/packages/77/6c/55cdfa56ce910a5f274991f73761ce8b7a42976d2571d08eb5e389184ce2/lhafile-0.3.1-cp313-cp313-musllinux_1_2_x86_64.whl", hash = "sha256:d0bad1bd7f394f6799833fcb557d88f2b5ee364704a05ab47d5ded489fe99eb1", size = 58797, upload-time = "2025-02-24T23:27:29.98Z" },
    { url = "https://files.pythonhosted.org/packages/38/cc/4cc138db0d499fb22b4b3ee71220288b09451310679b6dd48fae37c3ebfb/lhafile-0.3.1-cp313-cp313-win32.whl", hash = "sha256:0ca3bc909d335443af714bb35e76a69beab4039915692be0d1612da4768b4176", size = 16619, upload-time = "2025-02-24T23:35:03.179Z" },
    { url = "https://files.pythonhosted.org/packages/9f/4b/1a1f14f85c7e4270513aa5a0041cf65e45102710392ee2b38714bad58566/lhafile-0.3.1-cp313-cp313-win_amd64.whl", hash = "sha256:e2de020b1d1537d5f347dd29efa96fa78f4104b8a2a49bfc58e523788aef67e0", size = 18915, upload-time = "2025-02-24T23:35:04.072Z" },
]

[[package]]
name = "macholib"
version = "1.16.4"
source = { registry = "https://pypi.org/simple" }
dependencies = [
    { name = "altgraph" },
]
sdist = { url = "https://files.pythonhosted.org/packages/10/2f/97589876ea967487978071c9042518d28b958d87b17dceb7cdc1d881f963/macholib-1.16.4.tar.gz", hash = "sha256:f408c93ab2e995cd2c46e34fe328b130404be143469e41bc366c807448979362", size = 59427, upload-time = "2025-11-22T08:28:38.373Z" }
wheels = [
    { url = "https://files.pythonhosted.org/packages/c7/d1/a9f36f8ecdf0fb7c9b1e78c8d7af12b8c8754e74851ac7b94a8305540fc7/macholib-1.16.4-py2.py3-none-any.whl", hash = "sha256:da1a3fa8266e30f0ce7e97c6a54eefaae8edd1e5f86f3eb8b95457cae90265ea", size = 38117, upload-time = "2025-11-22T08:28:36.939Z" },
]

[[package]]
name = "packaging"
version = "25.0"
source = { registry = "https://pypi.org/simple" }
sdist = { url = "https://files.pythonhosted.org/packages/a1/d4/1fc4078c65507b51b96ca8f8c3ba19e6a61c8253c72794544580a7b6c24d/packaging-25.0.tar.gz", hash = "sha256:d443872c98d677bf60f6a1f2f8c1cb748e8fe762d2bf9d3148b5599295b0fc4f", size = 165727, upload-time = "2025-04-19T11:48:59.673Z" }
wheels = [
    { url = "https://files.pythonhosted.org/packages/20/12/38679034af332785aac8774540895e234f4d07f7545804097de4b666afd8/packaging-25.0-py3-none-any.whl", hash = "sha256:29572ef2b1f17581046b3a2227d5c611fb25ec70ca1ba8554b24b0e69331a484", size = 66469, upload-time = "2025-04-19T11:48:57.875Z" },
]

[[package]]
name = "pefile"
version = "2024.8.26"
source = { registry = "https://pypi.org/simple" }
sdist = { url = "https://files.pythonhosted.org/packages/03/4f/2750f7f6f025a1507cd3b7218691671eecfd0bbebebe8b39aa0fe1d360b8/pefile-2024.8.26.tar.gz", hash = "sha256:3ff6c5d8b43e8c37bb6e6dd5085658d658a7a0bdcd20b6a07b1fcfc1c4e9d632", size = 76008, upload-time = "2024-08-26T20:58:38.155Z" }
wheels = [
    { url = "https://files.pythonhosted.org/packages/54/16/12b82f791c7f50ddec566873d5bdd245baa1491bac11d15ffb98aecc8f8b/pefile-2024.8.26-py3-none-any.whl", hash = "sha256:76f8b485dcd3b1bb8166f1128d395fa3d87af26360c2358fb75b80019b957c6f", size = 74766, upload-time = "2024-08-26T21:01:02.632Z" },
]

[[package]]
name = "pluggy"
version = "1.6.0"
source = { registry = "https://pypi.org/simple" }
sdist = { url = "https://files.pythonhosted.org/packages/f9/e2/3e91f31a7d2b083fe6ef3fa267035b518369d9511ffab804f839851d2779/pluggy-1.6.0.tar.gz", hash = "sha256:7dcc130b76258d33b90f61b658791dede3486c3e6bfb003ee5c9bfb396dd22f3", size = 69412, upload-time = "2025-05-15T12:30:07.975Z" }
wheels = [
    { url = "https://files.pythonhosted.org/packages/54/20/4d324d65cc6d9205fabedc306948156824eb9f0ee1633355a8f7ec5c66bf/pluggy-1.6.0-py3-none-any.whl", hash = "sha256:e920276dd6813095e9377c0bc5566d94c932c33b27a3e3945d8389c374dd4746", size = 20538, upload-time = "2025-05-15T12:30:06.134Z" },
]

[[package]]
name = "pygments"
version = "2.19.2"
source = { registry = "https://pypi.org/simple" }
sdist = { url = "https://files.pythonhosted.org/packages/b0/77/a5b8c569bf593b0140bde72ea885a803b82086995367bf2037de0159d924/pygments-2.19.2.tar.gz", hash = "sha256:636cb2477cec7f8952536970bc533bc43743542f70392ae026374600add5b887", size = 4968631, upload-time = "2025-06-21T13:39:12.283Z" }
wheels = [
    { url = "https://files.pythonhosted.org/packages/c7/21/705964c7812476f378728bdf590ca4b771ec72385c533964653c68e86bdc/pygments-2.19.2-py3-none-any.whl", hash = "sha256:86540386c03d588bb81d44bc3928634ff26449851e99741617ecb9037ee5ec0b", size = 1225217, upload-time = "2025-06-21T13:39:07.939Z" },
]

[[package]]
name = "pyinstaller"
version = "6.17.0"
source = { registry = "https://pypi.org/simple" }
dependencies = [
    { name = "altgraph" },
    { name = "macholib", marker = "sys_platform == 'darwin'" },
    { name = "packaging" },
    { name = "pefile", marker = "sys_platform == 'win32'" },
    { name = "pyinstaller-hooks-contrib" },
    { name = "pywin32-ctypes", marker = "sys_platform == 'win32'" },
    { name = "setuptools" },
]
sdist = { url = "https://files.pythonhosted.org/packages/01/80/9e0dad9c69a7cfd4b5aaede8c6225d762bab7247a2a6b7651e1995522001/pyinstaller-6.17.0.tar.gz", hash = "sha256:be372bd911392b88277e510940ac32a5c2a6ce4b8d00a311c78fa443f4f27313", size = 4014147, upload-time = "2025-11-24T19:43:32.109Z" }
wheels = [
    { url = "https://files.pythonhosted.org/packages/35/f5/37e419d84d5284ecab11ef8b61306a3b978fe6f0fd69a9541e16bfd72e65/pyinstaller-6.17.0-py3-none-macosx_10_13_universal2.whl", hash = "sha256:4e446b8030c6e5a2f712e3f82011ecf6c7ead86008357b0d23a0ec4bcde31dac", size = 1031880, upload-time = "2025-11-24T19:42:30.862Z" },
    { url = "https://files.pythonhosted.org/packages/9e/b6/2e184879ab9cf90a1d2867fdd34d507c4d246b3cc52ca05aad00bfc70ee7/pyinstaller-6.17.0-py3-none-manylinux2014_aarch64.whl", hash = "sha256:aa9fd87aaa28239c6f0d0210114029bd03f8cac316a90bab071a5092d7c85ad7", size = 731968, upload-time = "2025-11-24T19:42:35.421Z" },
    { url = "https://files.pythonhosted.org/packages/40/76/f529de98f7e5cce7904c19b224990003fc2267eda2ee5fdd8452acb420a9/pyinstaller-6.17.0-py3-none-manylinux2014_i686.whl", hash = "sha256:060b122e43e7c0b23e759a4153be34bd70914135ab955bb18a67181e0dca85a2", size = 743217, upload-time = "2025-11-24T19:42:39.286Z" },
    { url = "https://files.pythonhosted.org/packages/a3/10/c02bfbb050cafc4c353cf69baf95407e211e1372bd286ab5ce5cbc13a30a/pyinstaller-6.17.0-py3-none-manylinux2014_ppc64le.whl", hash = "sha256:cd213d1a545c97dfe4a3c40e8213ff7c5127fc115c49229f27a3fa541503444b", size = 741119, upload-time = "2025-11-24T19:42:43.12Z" },
    { url = "https://files.pythonhosted.org/packages/11/9d/69fdacfd9335695f5900a376cfe3e4aed28f0720ffc15fee81fdb9d920bc/pyinstaller-6.17.0-py3-none-manylinux2014_s390x.whl", hash = "sha256:89c0d18ba8b62c6607abd8cf2299ae5ffa5c36d8c47f39608ce8c3f357f6099f", size = 738111, upload-time = "2025-11-24T19:42:46.97Z" },
    { url = "https://files.pythonhosted.org/packages/5e/1e/e8e36e1568f6865ac706c6e1f875c1a346ddaa9f9a8f923d66545d2240ed/pyinstaller-6.17.0-py3-none-manylinux2014_x86_64.whl", hash = "sha256:2a147b83cdebb07855bd5a663600891550062373a2ca375c58eacead33741a27", size = 737795, upload-time = "2025-11-24T19:42:50.675Z" },
    { url = "https://files.pythonhosted.org/packages/8d/15/9dc0f81ccb746c27bfa6ee53164422fe47ee079c7a717d9c4791aba78797/pyinstaller-6.17.0-py3-none-musllinux_1_1_aarch64.whl", hash = "sha256:f8cfbbfa6708e54fb936df6dd6eafaf133e84efb0d2fe25b91cfeefa793c4ca4", size = 736891, upload-time = "2025-11-24T19:42:54.458Z" },
    { url = "https://files.pythonhosted.org/packages/97/e6/bed54821c1ebe1275c559661d3e7bfa23c406673b515252dfbf89db56c65/pyinstaller-6.17.0-py3-none-musllinux_1_1_x86_64.whl", hash = "sha256:97f4c1942f7b4cd73f9e38b49cc8f5f8a6fbb44922cb60dd3073a189b77ee1ae", size = 736752, upload-time = "2025-11-24T19:42:58.144Z" },
    { url = "https://files.pythonhosted.org/packages/c7/84/897d759198676b910d69d42640b6d25d50b449f2209e18127a974cf59dbe/pyinstaller-6.17.0-py3-none-win32.whl", hash = "sha256:ce0be227a037fd4be672226db709088565484f597d6b230bceec19850fdd4c85", size = 1317851, upload-time = "2025-11-24T19:43:04.361Z" },
    { url = "https://files.pythonhosted.org/packages/2d/f5/6a122efe024433ecc34aab6f499e0bd2bbe059c639b77b0045aa2421b0bf/pyinstaller-6.17.0-py3-none-win_amd64.whl", hash = "sha256:b019940dbf7a01489d6b26f9fb97db74b504e0a757010f7ad078675befc85a82", size = 1378685, upload-time = "2025-11-24T19:43:10.395Z" },
    { url = "https://files.pythonhosted.org/packages/c4/96/14991773c9e599707a53594429ccf372f9ee638df3b7d26b65fd1a7433f0/pyinstaller-6.17.0-py3-none-win_arm64.whl", hash = "sha256:3c92a335e338170df7e615f75279cfeea97ade89e6dd7694943c8c185460f7b7", size = 1320032, upload-time = "2025-11-24T19:43:16.388Z" },
]

[[package]]
name = "pyinstaller-hooks-contrib"
version = "2025.10"
source = { registry = "https://pypi.org/simple" }
dependencies = [
    { name = "packaging" },
    { name = "setuptools" },
]
sdist = { url = "https://files.pythonhosted.org/packages/26/4f/e33132acdb8f732978e577b8a0130a412cbfe7a3414605e3fd380a975522/pyinstaller_hooks_contrib-2025.10.tar.gz", hash = "sha256:a1a737e5c0dccf1cf6f19a25e2efd109b9fec9ddd625f97f553dac16ee884881", size = 168155, upload-time = "2025-11-22T09:34:36.138Z" }
wheels = [
    { url = "https://files.pythonhosted.org/packages/86/de/a7688eed49a1d3df337cdaa4c0d64e231309a52f269850a72051975e3c4a/pyinstaller_hooks_contrib-2025.10-py3-none-any.whl", hash = "sha256:aa7a378518772846221f63a84d6306d9827299323243db890851474dfd1231a9", size = 447760, upload-time = "2025-11-22T09:34:34.753Z" },
]

[[package]]
name = "pyobjc-core"
version = "12.1"
source = { registry = "https://pypi.org/simple" }
sdist = { url = "https://files.pythonhosted.org/packages/b8/b6/d5612eb40be4fd5ef88c259339e6313f46ba67577a95d86c3470b951fce0/pyobjc_core-12.1.tar.gz", hash = "sha256:2bb3903f5387f72422145e1466b3ac3f7f0ef2e9960afa9bcd8961c5cbf8bd21", size = 1000532, upload-time = "2025-11-14T10:08:28.292Z" }
wheels = [
    { url = "https://files.pythonhosted.org/packages/95/df/d2b290708e9da86d6e7a9a2a2022b91915cf2e712a5a82e306cb6ee99792/pyobjc_core-12.1-cp311-cp311-macosx_10_9_universal2.whl", hash = "sha256:c918ebca280925e7fcb14c5c43ce12dcb9574a33cccb889be7c8c17f3bcce8b6", size = 671263, upload-time = "2025-11-14T09:31:35.231Z" },
    { url = "https://files.pythonhosted.org/packages/64/5a/6b15e499de73050f4a2c88fff664ae154307d25dc04da8fb38998a428358/pyobjc_core-12.1-cp312-cp312-macosx_10_13_universal2.whl", hash = "sha256:818bcc6723561f207e5b5453efe9703f34bc8781d11ce9b8be286bb415eb4962", size = 678335, upload-time = "2025-11-14T09:32:20.107Z" },
    { url = "https://files.pythonhosted.org/packages/f4/d2/29e5e536adc07bc3d33dd09f3f7cf844bf7b4981820dc2a91dd810f3c782/pyobjc_core-12.1-cp313-cp313-macosx_10_13_universal2.whl", hash = "sha256:01c0cf500596f03e21c23aef9b5f326b9fb1f8f118cf0d8b66749b6cf4cbb37a", size = 677370, upload-time = "2025-11-14T09:33:05.273Z" },
    { url = "https://files.pythonhosted.org/packages/1b/f0/4b4ed8924cd04e425f2a07269943018d43949afad1c348c3ed4d9d032787/pyobjc_core-12.1-cp313-cp313t-macosx_10_13_universal2.whl", hash = "sha256:177aaca84bb369a483e4961186704f64b2697708046745f8167e818d968c88fc", size = 719586, upload-time = "2025-11-14T09:33:53.302Z" },
    { url = "https://files.pythonhosted.org/packages/25/98/9f4ed07162de69603144ff480be35cd021808faa7f730d082b92f7ebf2b5/pyobjc_core-12.1-cp314-cp314-macosx_10_15_universal2.whl", hash = "sha256:844515f5d86395b979d02152576e7dee9cc679acc0b32dc626ef5bda315eaa43", size = 670164, upload-time = "2025-11-14T09:34:37.458Z" },
    { url = "https://files.pythonhosted.org/packages/62/50/dc076965c96c7f0de25c0a32b7f8aa98133ed244deaeeacfc758783f1f30/pyobjc_core-12.1-cp314-cp314t-macosx_10_15_universal2.whl", hash = "sha256:453b191df1a4b80e756445b935491b974714456ae2cbae816840bd96f86db882", size = 712204, upload-time = "2025-11-14T09:35:24.148Z" },
]

[[package]]
name = "pyobjc-framework-cocoa"
version = "12.1"
source = { registry = "https://pypi.org/simple" }
dependencies = [
    { name = "pyobjc-core" },
]
sdist = { url = "https://files.pythonhosted.org/packages/02/a3/16ca9a15e77c061a9250afbae2eae26f2e1579eb8ca9462ae2d2c71e1169/pyobjc_framework_cocoa-12.1.tar.gz", hash = "sha256:5556c87db95711b985d5efdaaf01c917ddd41d148b1e52a0c66b1a2e2c5c1640", size = 2772191, upload-time = "2025-11-14T10:13:02.069Z" }
wheels = [
    { url = "https://files.pythonhosted.org/packages/3f/07/5760735c0fffc65107e648eaf7e0991f46da442ac4493501be5380e6d9d4/pyobjc_framework_cocoa-12.1-cp311-cp311-macosx_10_9_universal2.whl", hash = "sha256:f52228bcf38da64b77328787967d464e28b981492b33a7675585141e1b0a01e6", size = 383812, upload-time = "2025-11-14T09:40:53.169Z" },
    { url = "https://files.pythonhosted.org/packages/95/bf/ee4f27ec3920d5c6fc63c63e797c5b2cc4e20fe439217085d01ea5b63856/pyobjc_framework_cocoa-12.1-cp312-cp312-macosx_10_13_universal2.whl", hash = "sha256:547c182837214b7ec4796dac5aee3aa25abc665757b75d7f44f83c994bcb0858", size = 384590, upload-time = "2025-11-14T09:41:17.336Z" },
    { url = "https://files.pythonhosted.org/packages/ad/31/0c2e734165abb46215797bd830c4bdcb780b699854b15f2b6240515edcc6/pyobjc_framework_cocoa-12.1-cp313-cp313-macosx_10_13_universal2.whl", hash = "sha256:5a3dcd491cacc2f5a197142b3c556d8aafa3963011110102a093349017705118", size = 384689, upload-time = "2025-11-14T09:41:41.478Z" },
    { url = "https://files.pythonhosted.org/packages/23/3b/b9f61be7b9f9b4e0a6db18b3c35c4c4d589f2d04e963e2174d38c6555a92/pyobjc_framework_cocoa-12.1-cp313-cp313t-macosx_10_13_universal2.whl", hash = "sha256:914b74328c22d8ca261d78c23ef2befc29776e0b85555973927b338c5734ca44", size = 388843, upload-time = "2025-11-14T09:42:05.719Z" },
    { url = "https://files.pythonhosted.org/packages/59/bb/f777cc9e775fc7dae77b569254570fe46eb842516b3e4fe383ab49eab598/pyobjc_framework_cocoa-12.1-cp314-cp314-macosx_10_15_universal2.whl", hash = "sha256:03342a60fc0015bcdf9b93ac0b4f457d3938e9ef761b28df9564c91a14f0129a", size = 384932, upload-time = "2025-11-14T09:42:29.771Z" },
    { url = "https://files.pythonhosted.org/packages/58/27/b457b7b37089cad692c8aada90119162dfb4c4a16f513b79a8b2b022b33b/pyobjc_framework_cocoa-12.1-cp314-cp314t-macosx_10_15_universal2.whl", hash = "sha256:6ba1dc1bfa4da42d04e93d2363491275fb2e2be5c20790e561c8a9e09b8cf2cc", size = 388970, upload-time = "2025-11-14T09:42:53.964Z" },
]

[[package]]
name = "pytest"
version = "9.0.2"
source = { registry = "https://pypi.org/simple" }
dependencies = [
    { name = "colorama", marker = "sys_platform == 'win32'" },
    { name = "iniconfig" },
    { name = "packaging" },
    { name = "pluggy" },
    { name = "pygments" },
]
sdist = { url = "https://files.pythonhosted.org/packages/d1/db/7ef3487e0fb0049ddb5ce41d3a49c235bf9ad299b6a25d5780a89f19230f/pytest-9.0.2.tar.gz", hash = "sha256:75186651a92bd89611d1d9fc20f0b4345fd827c41ccd5c299a868a05d70edf11", size = 1568901, upload-time = "2025-12-06T21:30:51.014Z" }
wheels = [
    { url = "https://files.pythonhosted.org/packages/3b/ab/b3226f0bd7cdcf710fbede2b3548584366da3b19b5021e74f5bde2a8fa3f/pytest-9.0.2-py3-none-any.whl", hash = "sha256:711ffd45bf766d5264d487b917733b453d917afd2b0ad65223959f59089f875b", size = 374801, upload-time = "2025-12-06T21:30:49.154Z" },
]

[[package]]
name = "pywin32-ctypes"
version = "0.2.3"
source = { registry = "https://pypi.org/simple" }
sdist = { url = "https://files.pythonhosted.org/packages/85/9f/01a1a99704853cb63f253eea009390c88e7131c67e66a0a02099a8c917cb/pywin32-ctypes-0.2.3.tar.gz", hash = "sha256:d162dc04946d704503b2edc4d55f3dba5c1d539ead017afa00142c38b9885755", size = 29471, upload-time = "2024-08-14T10:15:34.626Z" }
wheels = [
    { url = "https://files.pythonhosted.org/packages/de/3d/8161f7711c017e01ac9f008dfddd9410dff3674334c233bde66e7ba65bbf/pywin32_ctypes-0.2.3-py3-none-any.whl", hash = "sha256:8a1513379d709975552d202d942d9837758905c8d01eb82b8bcc30918929e7b8", size = 30756, upload-time = "2024-08-14T10:15:33.187Z" },
]

[[package]]
name = "setproctitle"
version = "1.3.7"
source = { registry = "https://pypi.org/simple" }
sdist = { url = "https://files.pythonhosted.org/packages/8d/48/49393a96a2eef1ab418b17475fb92b8fcfad83d099e678751b05472e69de/setproctitle-1.3.7.tar.gz", hash = "sha256:bc2bc917691c1537d5b9bca1468437176809c7e11e5694ca79a9ca12345dcb9e", size = 27002, upload-time = "2025-09-05T12:51:25.278Z" }
wheels = [
    { url = "https://files.pythonhosted.org/packages/04/cd/1b7ba5cad635510720ce19d7122154df96a2387d2a74217be552887c93e5/setproctitle-1.3.7-cp311-cp311-macosx_10_9_universal2.whl", hash = "sha256:a600eeb4145fb0ee6c287cb82a2884bd4ec5bbb076921e287039dcc7b7cc6dd0", size = 18085, upload-time = "2025-09-05T12:49:22.183Z" },
    { url = "https://files.pythonhosted.org/packages/8f/1a/b2da0a620490aae355f9d72072ac13e901a9fec809a6a24fc6493a8f3c35/setproctitle-1.3.7-cp311-cp311-macosx_11_0_arm64.whl", hash = "sha256:97a090fed480471bb175689859532709e28c085087e344bca45cf318034f70c4", size = 13097, upload-time = "2025-09-05T12:49:23.322Z" },
    { url = "https://files.pythonhosted.org/packages/fb/f0/2dc88e842077719d7384d86cc47403e5102810492b33680e7dadcee64cd8/setproctitle-1.3.7-cp312-cp312-macosx_10_13_universal2.whl", hash = "sha256:2dc99aec591ab6126e636b11035a70991bc1ab7a261da428491a40b84376654e", size = 18049, upload-time = "2025-09-05T12:49:36.241Z" },
    { url = "https://files.pythonhosted.org/packages/f0/b4/50940504466689cda65680c9e9a1e518e5750c10490639fa687489ac7013/setproctitle-1.3.7-cp312-cp312-macosx_11_0_arm64.whl", hash = "sha256:cdd8aa571b7aa39840fdbea620e308a19691ff595c3a10231e9ee830339dd798", size = 13079, upload-time = "2025-09-05T12:49:38.088Z" },
    { url = "https://files.pythonhosted.org/packages/5d/2f/fcedcade3b307a391b6e17c774c6261a7166aed641aee00ed2aad96c63ce/setproctitle-1.3.7-cp313-cp313-macosx_10_13_universal2.whl", hash = "sha256:c3736b2a423146b5e62230502e47e08e68282ff3b69bcfe08a322bee73407922", size = 18047, upload-time = "2025-09-05T12:49:50.271Z" },
    { url = "https://files.pythonhosted.org/packages/23/ae/afc141ca9631350d0a80b8f287aac79a76f26b6af28fd8bf92dae70dc2c5/setproctitle-1.3.7-cp313-cp313-macosx_11_0_arm64.whl", hash = "sha256:3384e682b158d569e85a51cfbde2afd1ab57ecf93ea6651fe198d0ba451196ee", size = 13073, upload-time = "2025-09-05T12:49:51.46Z" },
    { url = "https://files.pythonhosted.org/packages/e6/a4/d588d3497d4714750e3eaf269e9e8985449203d82b16b933c39bd3fc52a1/setproctitle-1.3.7-cp313-cp313t-macosx_10_13_universal2.whl", hash = "sha256:10e92915c4b3086b1586933a36faf4f92f903c5554f3c34102d18c7d3f5378e9", size = 18058, upload-time = "2025-09-05T12:50:02.501Z" },
    { url = "https://files.pythonhosted.org/packages/05/77/7637f7682322a7244e07c373881c7e982567e2cb1dd2f31bd31481e45500/setproctitle-1.3.7-cp313-cp313t-macosx_11_0_arm64.whl", hash = "sha256:de879e9c2eab637f34b1a14c4da1e030c12658cdc69ee1b3e5be81b380163ce5", size = 13072, upload-time = "2025-09-05T12:50:03.601Z" },
    { url = "https://files.pythonhosted.org/packages/89/c7/43ac3a98414f91d1b86a276bc2f799ad0b4b010e08497a95750d5bc42803/setproctitle-1.3.7-cp314-cp314-macosx_10_13_universal2.whl", hash = "sha256:80c36c6a87ff72eabf621d0c79b66f3bdd0ecc79e873c1e9f0651ee8bf215c63", size = 18052, upload-time = "2025-09-05T12:50:17.928Z" },
    { url = "https://files.pythonhosted.org/packages/cd/2c/dc258600a25e1a1f04948073826bebc55e18dbd99dc65a576277a82146fa/setproctitle-1.3.7-cp314-cp314-macosx_11_0_arm64.whl", hash = "sha256:b53602371a52b91c80aaf578b5ada29d311d12b8a69c0c17fbc35b76a1fd4f2e", size = 13071, upload-time = "2025-09-05T12:50:19.061Z" },
    { url = "https://files.pythonhosted.org/packages/01/6d/20886c8ff2e6d85e3cabadab6aab9bb90acaf1a5cfcb04d633f8d61b2626/setproctitle-1.3.7-cp314-cp314t-macosx_10_13_universal2.whl", hash = "sha256:6fc87caf9e323ac426910306c3e5d3205cd9f8dcac06d233fcafe9337f0928a3", size = 18062, upload-time = "2025-09-05T12:50:29.78Z" },
    { url = "https://files.pythonhosted.org/packages/9a/60/26dfc5f198715f1343b95c2f7a1c16ae9ffa45bd89ffd45a60ed258d24ea/setproctitle-1.3.7-cp314-cp314t-macosx_11_0_arm64.whl", hash = "sha256:6134c63853d87a4897ba7d5cc0e16abfa687f6c66fc09f262bb70d67718f2309", size = 13075, upload-time = "2025-09-05T12:50:31.604Z" },
    { url = "https://files.pythonhosted.org/packages/c3/5b/5e1c117ac84e3cefcf8d7a7f6b2461795a87e20869da065a5c087149060b/setproctitle-1.3.7-pp311-pypy311_pp73-macosx_11_0_arm64.whl", hash = "sha256:b1cac6a4b0252b8811d60b6d8d0f157c0fdfed379ac89c25a914e6346cf355a1", size = 12587, upload-time = "2025-09-05T12:51:21.195Z" },
]

[[package]]
name = "setuptools"
version = "80.9.0"
source = { registry = "https://pypi.org/simple" }
sdist = { url = "https://files.pythonhosted.org/packages/18/5d/3bf57dcd21979b887f014ea83c24ae194cfcd12b9e0fda66b957c69d1fca/setuptools-80.9.0.tar.gz", hash = "sha256:f36b47402ecde768dbfafc46e8e4207b4360c654f1f3bb84475f0a28628fb19c", size = 1319958, upload-time = "2025-05-27T00:56:51.443Z" }
wheels = [
    { url = "https://files.pythonhosted.org/packages/a3/dc/17031897dae0efacfea57dfd3a82fdd2a2aeb58e0ff71b77b87e44edc772/setuptools-80.9.0-py3-none-any.whl", hash = "sha256:062d34222ad13e0cc312a4c02d73f059e86a4acbfbdea8f8f76b28c99f306922", size = 1201486, upload-time = "2025-05-27T00:56:49.664Z" },
]

[[package]]
name = "xdfgui"
version = "0.1.0"
source = { editable = "." }

[package.optional-dependencies]
build = [
    { name = "pyinstaller" },
]
runtime = [
    { name = "amitools" },
    { name = "lhafile" },
    { name = "pyobjc-framework-cocoa", marker = "sys_platform == 'darwin'" },
    { name = "setproctitle", marker = "sys_platform == 'darwin'" },
]
test = [
    { name = "pytest" },
]

[package.metadata]
requires-dist = [
    { name = "amitools", marker = "extra == 'runtime'" },
    { name = "lhafile", marker = "extra == 'runtime'" },
    { name = "pyinstaller", marker = "extra == 'build'" },
    { name = "pyobjc-framework-cocoa", marker = "sys_platform == 'darwin' and extra == 'runtime'" },
    { name = "pytest", marker = "extra == 'test'" },
    { name = "setproctitle", marker = "sys_platform == 'darwin' and extra == 'runtime'" },
]
provides-extras = ["test", "build", "runtime"]
